
Microsoft Visual Studio Solution File, Format Version 12.00
# Visual Studio Version 17
VisualStudioVersion = 17.6.33723.286
MinimumVisualStudioVersion = 10.0.40219.1
Project("{FAE04EC0-301F-11D3-BF4B-00C04F79EFBC}") = "CLI_Mastermind_OOP", "CLI_Mastermind_OOP\CLI_Mastermind_OOP.csproj", "{92D77C5C-4316-4819-81A4-2986D9D1FD81}"
EndProject
Global
	GlobalSection(SolutionConfigurationPlatforms) = preSolution
		Debug|Any CPU = Debug|Any CPU
		Release|Any CPU = Release|Any CPU
	EndGlobalSection
	GlobalSection(ProjectConfigurationPlatforms) = postSolution
		{92D77C5C-4316-4819-81A4-2986D9D1FD81}.Debug|Any CPU.ActiveCfg = Debug|Any CPU
		{92D77C5C-4316-4819-81A4-2986D9D1FD81}.Debug|Any CPU.Build.0 = Debug|Any CPU
		{92D77C5C-4316-4819-81A4-2986D9D1FD81}.Release|Any CPU.ActiveCfg = Release|Any CPU
		{92D77C5C-4316-4819-81A4-2986D9D1FD81}.Release|Any CPU.Build.0 = Release|Any CPU
	EndGlobalSection
	GlobalSection(SolutionProperties) = preSolution
		HideSolutionNode = FALSE
	EndGlobalSection
	GlobalSection(ExtensibilityGlobals) = postSolution
		SolutionGuid = {3346AE19-9773-4BA8-AE0A-A779D9BE3BD4}
	EndGlobalSection
EndGlobal
